dependencies:
- name: mysql
  repository: ""
  version: 0.1.0
- name: rabbitmq
  repository: ""
  version: 0.1.0
- name: pgvector
  repository: ""
  version: 0.1.0
- name: view-vector
  repository: ""
  version: 0.1.0
- name: view-ollama
  repository: ""
  version: 0.1.0
- name: view-orchestrator
  repository: ""
  version: 0.1.0
- name: processor
  repository: ""
  version: 0.1.0
- name: view-storage
  repository: ""
  version: 0.1.0
- name: switchboard
  repository: ""
  version: 0.1.0
- name: syslogserver
  repository: ""
  version: 0.1.0
- name: view-assistant
  repository: ""
  version: 0.1.0
- name: view-cadvisor
  repository: ""
  version: 0.1.0
- name: view-config
  repository: ""
  version: 0.1.0
- name: crawler
  repository: ""
  version: 0.1.0
- name: view-embeddings
  repository: ""
  version: 0.1.0
- name: view-lexi
  repository: ""
  version: 0.1.0
- name: litegraph
  repository: ""
  version: 1.0.0
digest: sha256:cc996bd462b03d1d8c5d5ec80eab7a2e99c661292af40acc652e086d64706505
generated: "2025-03-21T12:10:14.878057544+05:30"
